{
  "name": "assemblyscript",
  "version": "1.0.0",
  "lockfileVersion": 1,
  "requires": true,
  "dependencies": {
    "@assemblyscript/loader": {
      "version": "0.19.23",
      "resolved": "https://registry.npmjs.org/@assemblyscript/loader/-/loader-0.19.23.tgz",
      "integrity": "sha512-ulkCYfFbYj01ie1MDOyxv2F6SpRN1TOj7fQxbP07D6HmeR+gr2JLSmINKjga2emB+b1L2KGrFKBTc+e00p54nw=="
    }
  }
}
